
Microsoft Visual Studio Solution File, Format Version 12.00
# Visual Studio Version 17
VisualStudioVersion = 17.14.36518.9
MinimumVisualStudioVersion = 10.0.40219.1
Project("{FAE04EC0-301F-11D3-BF4B-00C04F79EFBC}") = "DateAdderApp", "DateAdderApp\DateAdderApp.csproj", "{20B48E7B-4B15-4A97-AF65-5BAF9E266C64}"
EndProject
Project("{2150E333-8FDC-42A3-9474-1A3956D46DE8}") = "tests", "tests", "{02EA681E-C7D8-13C7-8484-4AC65E1B71E8}"
EndProject
Project("{FAE04EC0-301F-11D3-BF4B-00C04F79EFBC}") = "DateAdder.Tests", "DateAdder.Tests\DateAdder.Tests.csproj", "{11F38A25-107A-42EB-8C61-3FC040EF407D}"
EndProject
Project("{2150E333-8FDC-42A3-9474-1A3956D46DE8}") = "src", "src", "{044C55AF-36A7-41E9-876E-DF06156C4252}"
EndProject
Global
	GlobalSection(SolutionConfigurationPlatforms) = preSolution
		Debug|Any CPU = Debug|Any CPU
		Release|Any CPU = Release|Any CPU
	EndGlobalSection
	GlobalSection(ProjectConfigurationPlatforms) = postSolution
		{20B48E7B-4B15-4A97-AF65-5BAF9E266C64}.Debug|Any CPU.ActiveCfg = Debug|Any CPU
		{20B48E7B-4B15-4A97-AF65-5BAF9E266C64}.Debug|Any CPU.Build.0 = Debug|Any CPU
		{20B48E7B-4B15-4A97-AF65-5BAF9E266C64}.Release|Any CPU.ActiveCfg = Release|Any CPU
		{20B48E7B-4B15-4A97-AF65-5BAF9E266C64}.Release|Any CPU.Build.0 = Release|Any CPU
		{11F38A25-107A-42EB-8C61-3FC040EF407D}.Debug|Any CPU.ActiveCfg = Debug|Any CPU
		{11F38A25-107A-42EB-8C61-3FC040EF407D}.Debug|Any CPU.Build.0 = Debug|Any CPU
		{11F38A25-107A-42EB-8C61-3FC040EF407D}.Release|Any CPU.ActiveCfg = Release|Any CPU
		{11F38A25-107A-42EB-8C61-3FC040EF407D}.Release|Any CPU.Build.0 = Release|Any CPU
	EndGlobalSection
	GlobalSection(SolutionProperties) = preSolution
		HideSolutionNode = FALSE
	EndGlobalSection
	GlobalSection(NestedProjects) = preSolution
		{20B48E7B-4B15-4A97-AF65-5BAF9E266C64} = {044C55AF-36A7-41E9-876E-DF06156C4252}
		{11F38A25-107A-42EB-8C61-3FC040EF407D} = {02EA681E-C7D8-13C7-8484-4AC65E1B71E8}
	EndGlobalSection
	GlobalSection(ExtensibilityGlobals) = postSolution
		SolutionGuid = {7B9478A7-1534-478F-B8A4-CA3A6DD33DB6}
	EndGlobalSection
EndGlobal
